
Microsoft Visual Studio Solution File, Format Version 12.00
# Visual Studio Version 17
VisualStudioVersion = 17.0.31903.59
MinimumVisualStudioVersion = 10.0.40219.1
Project("{FAE04EC0-301F-11D3-BF4B-00C04F79EFBC}") = "Spindle", "Spindle\Spindle.csproj", "{7311C023-ED08-438F-8796-575D86CE587C}"
EndProject
Global
	GlobalSection(SolutionConfigurationPlatforms) = preSolution
		Debug|Any CPU = Debug|Any CPU
		Release|Any CPU = Release|Any CPU
	EndGlobalSection
	GlobalSection(SolutionProperties) = preSolution
		HideSolutionNode = FALSE
	EndGlobalSection
	GlobalSection(ProjectConfigurationPlatforms) = postSolution
		{7311C023-ED08-438F-8796-575D86CE587C}.Debug|Any CPU.ActiveCfg = Debug|Any CPU
		{7311C023-ED08-438F-8796-575D86CE587C}.Debug|Any CPU.Build.0 = Debug|Any CPU
		{7311C023-ED08-438F-8796-575D86CE587C}.Release|Any CPU.ActiveCfg = Release|Any CPU
		{7311C023-ED08-438F-8796-575D86CE587C}.Release|Any CPU.Build.0 = Release|Any CPU
	EndGlobalSection
EndGlobal
